// !$*UTF8*$!
{
	archiveVersion = 1;
	classes = {
	};
	objectVersion = 60;
	objects = {

/* Begin PBXBuildFile section */
		B00000000000000000000001 /* Protocol.swift in Sources */ = {isa = PBXBuildFile; fileRef = C00000000000000000000001 /* Protocol.swift */; };
		B00000000000000000000002 /* Networking.swift in Sources */ = {isa = PBXBuildFile; fileRef = C00000000000000000000002 /* Networking.swift */; };
		B00000000000000000000003 /* Video.swift in Sources */ = {isa = PBXBuildFile; fileRef = C00000000000000000000003 /* Video.swift */; };
		B00000000000000000000004 /* Clipboard.swift in Sources */ = {isa = PBXBuildFile; fileRef = C00000000000000000000004 /* Clipboard.swift */; };
		B00000000000000000000005 /* TailDeskMobileApp.swift in Sources */ = {isa = PBXBuildFile; fileRef = C00000000000000000000005 /* TailDeskMobileApp.swift */; };
		B00000000000000000000006 /* MobileAppModel.swift in Sources */ = {isa = PBXBuildFile; fileRef = C00000000000000000000006 /* MobileAppModel.swift */; };
		B00000000000000000000007 /* MobileRemoteView.swift in Sources */ = {isa = PBXBuildFile; fileRef = C00000000000000000000007 /* MobileRemoteView.swift */; };
		B00000000000000000000008 /* Audio.swift in Sources */ = {isa = PBXBuildFile; fileRef = C00000000000000000000010 /* Audio.swift */; };
		B00000000000000000000009 /* Assets.xcassets in Resources */ = {isa = PBXBuildFile; fileRef = C00000000000000000000011 /* Assets.xcassets */; };
/* End PBXBuildFile section */

/* Begin PBXFileReference section */
		C00000000000000000000001 /* Protocol.swift */ = {isa = PBXFileReference; lastKnownFileType = sourcecode.swift; path = Protocol.swift; sourceTree = "<group>"; };
		C00000000000000000000002 /* Networking.swift */ = {isa = PBXFileReference; lastKnownFileType = sourcecode.swift; path = Networking.swift; sourceTree = "<group>"; };
		C00000000000000000000003 /* Video.swift */ = {isa = PBXFileReference; lastKnownFileType = sourcecode.swift; path = Video.swift; sourceTree = "<group>"; };
		C00000000000000000000004 /* Clipboard.swift */ = {isa = PBXFileReference; lastKnownFileType = sourcecode.swift; path = Clipboard.swift; sourceTree = "<group>"; };
		C00000000000000000000005 /* TailDeskMobileApp.swift */ = {isa = PBXFileReference; lastKnownFileType = sourcecode.swift; path = TailDeskMobileApp.swift; sourceTree = "<group>"; };
		C00000000000000000000006 /* MobileAppModel.swift */ = {isa = PBXFileReference; lastKnownFileType = sourcecode.swift; path = MobileAppModel.swift; sourceTree = "<group>"; };
		C00000000000000000000007 /* MobileRemoteView.swift */ = {isa = PBXFileReference; lastKnownFileType = sourcecode.swift; path = MobileRemoteView.swift; sourceTree = "<group>"; };
		C00000000000000000000008 /* Info.plist */ = {isa = PBXFileReference; lastKnownFileType = text.plist.xml; path = Info.plist; sourceTree = "<group>"; };
		C00000000000000000000009 /* TailDesk.app */ = {isa = PBXFileReference; explicitFileType = wrapper.application; includeInIndex = 0; path = TailDesk.app; sourceTree = BUILT_PRODUCTS_DIR; };
		C00000000000000000000010 /* Audio.swift */ = {isa = PBXFileReference; lastKnownFileType = sourcecode.swift; path = Audio.swift; sourceTree = "<group>"; };
		C00000000000000000000011 /* Assets.xcassets */ = {isa = PBXFileReference; lastKnownFileType = folder.assetcatalog; path = Assets.xcassets; sourceTree = "<group>"; };
/* End PBXFileReference section */

/* Begin PBXFrameworksBuildPhase section */
		E00000000000000000000002 /* Frameworks */ = {
			isa = PBXFrameworksBuildPhase;
			buildActionMask = 2147483647;
			files = (
			);
			runOnlyForDeploymentPostprocessing = 0;
		};
/* End PBXFrameworksBuildPhase section */

/* Begin PBXGroup section */
		D00000000000000000000001 = {
			isa = PBXGroup;
			children = (
				D00000000000000000000003 /* Shared */,
				D00000000000000000000004 /* iOS */,
				D00000000000000000000002 /* Products */,
			);
			sourceTree = "<group>";
		};
		D00000000000000000000002 /* Products */ = {
			isa = PBXGroup;
			children = (
				C00000000000000000000009 /* TailDesk.app */,
			);
			name = Products;
			sourceTree = "<group>";
		};
		D00000000000000000000003 /* Shared */ = {
			isa = PBXGroup;
			children = (
				C00000000000000000000001 /* Protocol.swift */,
				C00000000000000000000002 /* Networking.swift */,
				C00000000000000000000003 /* Video.swift */,
				C00000000000000000000004 /* Clipboard.swift */,
				C00000000000000000000010 /* Audio.swift */,
			);
			name = Shared;
			path = Sources/TailDesk;
			sourceTree = "<group>";
		};
		D00000000000000000000004 /* iOS */ = {
			isa = PBXGroup;
			children = (
				C00000000000000000000005 /* TailDeskMobileApp.swift */,
				C00000000000000000000006 /* MobileAppModel.swift */,
				C00000000000000000000007 /* MobileRemoteView.swift */,
				C00000000000000000000008 /* Info.plist */,
				C00000000000000000000011 /* Assets.xcassets */,
			);
			path = iOS;
			sourceTree = "<group>";
		};
/* End PBXGroup section */

/* Begin PBXNativeTarget section */
		F00000000000000000000001 /* TailDesk-iOS */ = {
			isa = PBXNativeTarget;
			buildConfigurationList = I00000000000000000000002 /* Build configuration list for PBXNativeTarget "TailDesk-iOS" */;
			buildPhases = (
				E00000000000000000000001 /* Sources */,
				E00000000000000000000002 /* Frameworks */,
				E00000000000000000000003 /* Resources */,
			);
			buildRules = (
			);
			dependencies = (
			);
			name = "TailDesk-iOS";
			productName = TailDesk;
			productReference = C00000000000000000000009 /* TailDesk.app */;
			productType = "com.apple.product-type.application";
		};
/* End PBXNativeTarget section */

/* Begin PBXProject section */
		A00000000000000000000001 /* Project object */ = {
			isa = PBXProject;
			attributes = {
				BuildIndependentTargetsInParallel = 1;
				LastSwiftUpdateCheck = 2600;
				LastUpgradeCheck = 2600;
				TargetAttributes = {
					F00000000000000000000001 = {
						CreatedOnToolsVersion = 26.0;
						ProvisioningStyle = Automatic;
					};
				};
			};
			buildConfigurationList = I00000000000000000000001 /* Build configuration list for PBXProject "TailDesk" */;
			compatibilityVersion = "Xcode 15.0";
			developmentRegion = en;
			hasScannedForEncodings = 0;
			knownRegions = (
				en,
				Base,
			);
			mainGroup = D00000000000000000000001;
			productRefGroup = D00000000000000000000002 /* Products */;
			projectDirPath = "";
			projectRoot = "";
			targets = (
				F00000000000000000000001 /* TailDesk-iOS */,
			);
		};
/* End PBXProject section */

/* Begin PBXResourcesBuildPhase section */
		E00000000000000000000003 /* Resources */ = {
			isa = PBXResourcesBuildPhase;
			buildActionMask = 2147483647;
			files = (
				B00000000000000000000009 /* Assets.xcassets in Resources */,
			);
			runOnlyForDeploymentPostprocessing = 0;
		};
/* End PBXResourcesBuildPhase section */

/* Begin PBXSourcesBuildPhase section */
		E00000000000000000000001 /* Sources */ = {
			isa = PBXSourcesBuildPhase;
			buildActionMask = 2147483647;
			files = (
				B00000000000000000000001 /* Protocol.swift in Sources */,
				B00000000000000000000002 /* Networking.swift in Sources */,
				B00000000000000000000003 /* Video.swift in Sources */,
				B00000000000000000000004 /* Clipboard.swift in Sources */,
				B00000000000000000000005 /* TailDeskMobileApp.swift in Sources */,
				B00000000000000000000006 /* MobileAppModel.swift in Sources */,
				B00000000000000000000007 /* MobileRemoteView.swift in Sources */,
				B00000000000000000000008 /* Audio.swift in Sources */,
			);
			runOnlyForDeploymentPostprocessing = 0;
		};
/* End PBXSourcesBuildPhase section */

/* Begin XCBuildConfiguration section */
		G00000000000000000000001 /* Debug */ = {
			isa = XCBuildConfiguration;
			buildSettings = {
				ALWAYS_SEARCH_USER_PATHS = NO;
				CLANG_ENABLE_MODULES = YES;
				CLANG_ENABLE_OBJC_ARC = YES;
				COPY_PHASE_STRIP = NO;
				DEBUG_INFORMATION_FORMAT = dwarf;
				ENABLE_TESTABILITY = YES;
				GCC_C_LANGUAGE_STANDARD = gnu17;
				GCC_OPTIMIZATION_LEVEL = 0;
				ONLY_ACTIVE_ARCH = YES;
				SDKROOT = iphoneos;
				SWIFT_ACTIVE_COMPILATION_CONDITIONS = DEBUG;
				SWIFT_OPTIMIZATION_LEVEL = "-Onone";
			};
			name = Debug;
		};
		G00000000000000000000002 /* Release */ = {
			isa = XCBuildConfiguration;
			buildSettings = {
				ALWAYS_SEARCH_USER_PATHS = NO;
				CLANG_ENABLE_MODULES = YES;
				CLANG_ENABLE_OBJC_ARC = YES;
				COPY_PHASE_STRIP = NO;
				DEBUG_INFORMATION_FORMAT = "dwarf-with-dsym";
				GCC_C_LANGUAGE_STANDARD = gnu17;
				SDKROOT = iphoneos;
				SWIFT_COMPILATION_MODE = wholemodule;
			};
			name = Release;
		};
		H00000000000000000000001 /* Debug */ = {
			isa = XCBuildConfiguration;
			buildSettings = {
				ASSETCATALOG_COMPILER_APPICON_NAME = AppIcon;
				CODE_SIGN_STYLE = Automatic;
				CURRENT_PROJECT_VERSION = 22;
				GENERATE_INFOPLIST_FILE = NO;
				INFOPLIST_FILE = iOS/Info.plist;
				IPHONEOS_DEPLOYMENT_TARGET = 17.0;
				LD_RUNPATH_SEARCH_PATHS = (
					"$(inherited)",
					"@executable_path/Frameworks",
				);
				MARKETING_VERSION = 0.1.0;
				PRODUCT_BUNDLE_IDENTIFIER = com.xinzhang.taildesk.ios;
				PRODUCT_NAME = TailDesk;
				SUPPORTED_PLATFORMS = "iphoneos iphonesimulator";
				SWIFT_EMIT_LOC_STRINGS = YES;
				SWIFT_VERSION = 5.0;
				TARGETED_DEVICE_FAMILY = "1,2";
			};
			name = Debug;
		};
		H00000000000000000000002 /* Release */ = {
			isa = XCBuildConfiguration;
			buildSettings = {
				ASSETCATALOG_COMPILER_APPICON_NAME = AppIcon;
				CODE_SIGN_STYLE = Automatic;
				CURRENT_PROJECT_VERSION = 22;
				GENERATE_INFOPLIST_FILE = NO;
				INFOPLIST_FILE = iOS/Info.plist;
				IPHONEOS_DEPLOYMENT_TARGET = 17.0;
				LD_RUNPATH_SEARCH_PATHS = (
					"$(inherited)",
					"@executable_path/Frameworks",
				);
				MARKETING_VERSION = 0.1.0;
				PRODUCT_BUNDLE_IDENTIFIER = com.xinzhang.taildesk.ios;
				PRODUCT_NAME = TailDesk;
				SUPPORTED_PLATFORMS = "iphoneos iphonesimulator";
				SWIFT_EMIT_LOC_STRINGS = YES;
				SWIFT_VERSION = 5.0;
				TARGETED_DEVICE_FAMILY = "1,2";
			};
			name = Release;
		};
/* End XCBuildConfiguration section */

/* Begin XCConfigurationList section */
		I00000000000000000000001 /* Build configuration list for PBXProject "TailDesk" */ = {
			isa = XCConfigurationList;
			buildConfigurations = (
				G00000000000000000000001 /* Debug */,
				G00000000000000000000002 /* Release */,
			);
			defaultConfigurationIsVisible = 0;
			defaultConfigurationName = Release;
		};
		I00000000000000000000002 /* Build configuration list for PBXNativeTarget "TailDesk-iOS" */ = {
			isa = XCConfigurationList;
			buildConfigurations = (
				H00000000000000000000001 /* Debug */,
				H00000000000000000000002 /* Release */,
			);
			defaultConfigurationIsVisible = 0;
			defaultConfigurationName = Release;
		};
/* End XCConfigurationList section */
	};
	rootObject = A00000000000000000000001 /* Project object */;
}
